
Microsoft Visual Studio Solution File, Format Version 12.00
# Visual Studio Version 16
VisualStudioVersion = 16.0.30804.86
MinimumVisualStudioVersion = 10.0.40219.1
Project("{FAE04EC0-301F-11D3-BF4B-00C04F79EFBC}") = "Clicker", "Clicker.csproj", "{D021B711-1653-4EC4-82BF-FA4788F1614C}"
EndProject
Global
	GlobalSection(SolutionConfigurationPlatforms) = preSolution
		Debug|Any CPU = Debug|Any CPU
		Release|Any CPU = Release|Any CPU
	EndGlobalSection
	GlobalSection(ProjectConfigurationPlatforms) = postSolution
		{D021B711-1653-4EC4-82BF-FA4788F1614C}.Debug|Any CPU.ActiveCfg = Debug|Any CPU
		{D021B711-1653-4EC4-82BF-FA4788F1614C}.Debug|Any CPU.Build.0 = Debug|Any CPU
		{D021B711-1653-4EC4-82BF-FA4788F1614C}.Release|Any CPU.ActiveCfg = Release|Any CPU
		{D021B711-1653-4EC4-82BF-FA4788F1614C}.Release|Any CPU.Build.0 = Release|Any CPU
	EndGlobalSection
	GlobalSection(SolutionProperties) = preSolution
		HideSolutionNode = FALSE
	EndGlobalSection
	GlobalSection(ExtensibilityGlobals) = postSolution
		SolutionGuid = {A2679E85-4B01-4FCD-BA51-65A2A535E7C5}
	EndGlobalSection
EndGlobal
